// !$*UTF8*$!
{
	archiveVersion = 1;
	classes = {
	};
	objectVersion = 50;
	objects = {

/* Begin PBXBuildFile section */
		D269F1122494ED6B00325C72 /* AppDelegate.swift in Sources */ = {isa = PBXBuildFile; fileRef = D269F1112494ED6B00325C72 /* AppDelegate.swift */; };
		D269F1142494ED6B00325C72 /* SceneDelegate.swift in Sources */ = {isa = PBXBuildFile; fileRef = D269F1132494ED6B00325C72 /* SceneDelegate.swift */; };
		D269F1162494ED6B00325C72 /* ContentView.swift in Sources */ = {isa = PBXBuildFile; fileRef = D269F1152494ED6B00325C72 /* ContentView.swift */; };
		D269F1182494ED6C00325C72 /* Assets.xcassets in Resources */ = {isa = PBXBuildFile; fileRef = D269F1172494ED6C00325C72 /* Assets.xcassets */; };
		D269F11B2494ED6C00325C72 /* Preview Assets.xcassets in Resources */ = {isa = PBXBuildFile; fileRef = D269F11A2494ED6C00325C72 /* Preview Assets.xcassets */; };
		D269F11E2494ED6C00325C72 /* LaunchScreen.storyboard in Resources */ = {isa = PBXBuildFile; fileRef = D269F11C2494ED6C00325C72 /* LaunchScreen.storyboard */; };
		D269F1292494ED6C00325C72 /* StringFoldingTests.swift in Sources */ = {isa = PBXBuildFile; fileRef = D269F1282494ED6C00325C72 /* StringFoldingTests.swift */; };
		D2B50AB7249510400016754A /* LoremIpsum.txt in Resources */ = {isa = PBXBuildFile; fileRef = D2B50AB6249510400016754A /* LoremIpsum.txt */; };
		D2F01BF52497A3FC0016D2AF /* DiacriticLoremIpsum.txt in Resources */ = {isa = PBXBuildFile; fileRef = D2F01BF42497A3FC0016D2AF /* DiacriticLoremIpsum.txt */; };
/* End PBXBuildFile section */

/* Begin PBXContainerItemProxy section */
		D269F1252494ED6C00325C72 /* PBXContainerItemProxy */ = {
			isa = PBXContainerItemProxy;
			containerPortal = D269F1062494ED6B00325C72 /* Project object */;
			proxyType = 1;
			remoteGlobalIDString = D269F10D2494ED6B00325C72;
			remoteInfo = StringFolding;
		};
/* End PBXContainerItemProxy section */

/* Begin PBXFileReference section */
		D269F10E2494ED6B00325C72 /* StringFolding.app */ = {isa = PBXFileReference; explicitFileType = wrapper.application; includeInIndex = 0; path = StringFolding.app; sourceTree = BUILT_PRODUCTS_DIR; };
		D269F1112494ED6B00325C72 /* AppDelegate.swift */ = {isa = PBXFileReference; lastKnownFileType = sourcecode.swift; path = AppDelegate.swift; sourceTree = "<group>"; };
		D269F1132494ED6B00325C72 /* SceneDelegate.swift */ = {isa = PBXFileReference; lastKnownFileType = sourcecode.swift; path = SceneDelegate.swift; sourceTree = "<group>"; };
		D269F1152494ED6B00325C72 /* ContentView.swift */ = {isa = PBXFileReference; lastKnownFileType = sourcecode.swift; path = ContentView.swift; sourceTree = "<group>"; };
		D269F1172494ED6C00325C72 /* Assets.xcassets */ = {isa = PBXFileReference; lastKnownFileType = folder.assetcatalog; path = Assets.xcassets; sourceTree = "<group>"; };
		D269F11A2494ED6C00325C72 /* Preview Assets.xcassets */ = {isa = PBXFileReference; lastKnownFileType = folder.assetcatalog; path = "Preview Assets.xcassets"; sourceTree = "<group>"; };
		D269F11D2494ED6C00325C72 /* Base */ = {isa = PBXFileReference; lastKnownFileType = file.storyboard; name = Base; path = Base.lproj/LaunchScreen.storyboard; sourceTree = "<group>"; };
		D269F11F2494ED6C00325C72 /* Info.plist */ = {isa = PBXFileReference; lastKnownFileType = text.plist.xml; path = Info.plist; sourceTree = "<group>"; };
		D269F1242494ED6C00325C72 /* StringFoldingTests.xctest */ = {isa = PBXFileReference; explicitFileType = wrapper.cfbundle; includeInIndex = 0; path = StringFoldingTests.xctest; sourceTree = BUILT_PRODUCTS_DIR; };
		D269F1282494ED6C00325C72 /* StringFoldingTests.swift */ = {isa = PBXFileReference; lastKnownFileType = sourcecode.swift; path = StringFoldingTests.swift; sourceTree = "<group>"; };
		D269F12A2494ED6C00325C72 /* Info.plist */ = {isa = PBXFileReference; lastKnownFileType = text.plist.xml; path = Info.plist; sourceTree = "<group>"; };
		D2B50AB6249510400016754A /* LoremIpsum.txt */ = {isa = PBXFileReference; fileEncoding = 4; lastKnownFileType = text; path = LoremIpsum.txt; sourceTree = "<group>"; };
		D2F01BF42497A3FC0016D2AF /* DiacriticLoremIpsum.txt */ = {isa = PBXFileReference; fileEncoding = 4; lastKnownFileType = text; path = DiacriticLoremIpsum.txt; sourceTree = "<group>"; };
/* End PBXFileReference section */

/* Begin PBXFrameworksBuildPhase section */
		D269F10B2494ED6B00325C72 /* Frameworks */ = {
			isa = PBXFrameworksBuildPhase;
			buildActionMask = 2147483647;
			files = (
			);
			runOnlyForDeploymentPostprocessing = 0;
		};
		D269F1212494ED6C00325C72 /* Frameworks */ = {
			isa = PBXFrameworksBuildPhase;
			buildActionMask = 2147483647;
			files = (
			);
			runOnlyForDeploymentPostprocessing = 0;
		};
/* End PBXFrameworksBuildPhase section */

/* Begin PBXGroup section */
		D269F1052494ED6B00325C72 = {
			isa = PBXGroup;
			children = (
				D269F1102494ED6B00325C72 /* StringFolding */,
				D269F1272494ED6C00325C72 /* StringFoldingTests */,
				D269F10F2494ED6B00325C72 /* Products */,
			);
			sourceTree = "<group>";
		};
		D269F10F2494ED6B00325C72 /* Products */ = {
			isa = PBXGroup;
			children = (
				D269F10E2494ED6B00325C72 /* StringFolding.app */,
				D269F1242494ED6C00325C72 /* StringFoldingTests.xctest */,
			);
			name = Products;
			sourceTree = "<group>";
		};
		D269F1102494ED6B00325C72 /* StringFolding */ = {
			isa = PBXGroup;
			children = (
				D269F1112494ED6B00325C72 /* AppDelegate.swift */,
				D269F1132494ED6B00325C72 /* SceneDelegate.swift */,
				D269F1152494ED6B00325C72 /* ContentView.swift */,
				D269F1172494ED6C00325C72 /* Assets.xcassets */,
				D269F11C2494ED6C00325C72 /* LaunchScreen.storyboard */,
				D269F11F2494ED6C00325C72 /* Info.plist */,
				D269F1192494ED6C00325C72 /* Preview Content */,
			);
			path = StringFolding;
			sourceTree = "<group>";
		};
		D269F1192494ED6C00325C72 /* Preview Content */ = {
			isa = PBXGroup;
			children = (
				D269F11A2494ED6C00325C72 /* Preview Assets.xcassets */,
			);
			path = "Preview Content";
			sourceTree = "<group>";
		};
		D269F1272494ED6C00325C72 /* StringFoldingTests */ = {
			isa = PBXGroup;
			children = (
				D269F1282494ED6C00325C72 /* StringFoldingTests.swift */,
				D269F12A2494ED6C00325C72 /* Info.plist */,
				D2B50AB6249510400016754A /* LoremIpsum.txt */,
				D2F01BF42497A3FC0016D2AF /* DiacriticLoremIpsum.txt */,
			);
			path = StringFoldingTests;
			sourceTree = "<group>";
		};
/* End PBXGroup section */

/* Begin PBXNativeTarget section */
		D269F10D2494ED6B00325C72 /* StringFolding */ = {
			isa = PBXNativeTarget;
			buildConfigurationList = D269F12D2494ED6C00325C72 /* Build configuration list for PBXNativeTarget "StringFolding" */;
			buildPhases = (
				D269F10A2494ED6B00325C72 /* Sources */,
				D269F10B2494ED6B00325C72 /* Frameworks */,
				D269F10C2494ED6B00325C72 /* Resources */,
			);
			buildRules = (
			);
			dependencies = (
			);
			name = StringFolding;
			productName = StringFolding;
			productReference = D269F10E2494ED6B00325C72 /* StringFolding.app */;
			productType = "com.apple.product-type.application";
		};
		D269F1232494ED6C00325C72 /* StringFoldingTests */ = {
			isa = PBXNativeTarget;
			buildConfigurationList = D269F1302494ED6C00325C72 /* Build configuration list for PBXNativeTarget "StringFoldingTests" */;
			buildPhases = (
				D269F1202494ED6C00325C72 /* Sources */,
				D269F1212494ED6C00325C72 /* Frameworks */,
				D269F1222494ED6C00325C72 /* Resources */,
			);
			buildRules = (
			);
			dependencies = (
				D269F1262494ED6C00325C72 /* PBXTargetDependency */,
			);
			name = StringFoldingTests;
			productName = StringFoldingTests;
			productReference = D269F1242494ED6C00325C72 /* StringFoldingTests.xctest */;
			productType = "com.apple.product-type.bundle.unit-test";
		};
/* End PBXNativeTarget section */

/* Begin PBXProject section */
		D269F1062494ED6B00325C72 /* Project object */ = {
			isa = PBXProject;
			attributes = {
				LastSwiftUpdateCheck = 1150;
				LastUpgradeCheck = 1150;
				ORGANIZATIONNAME = "Scott Gardner";
				TargetAttributes = {
					D269F10D2494ED6B00325C72 = {
						CreatedOnToolsVersion = 11.5;
					};
					D269F1232494ED6C00325C72 = {
						CreatedOnToolsVersion = 11.5;
						TestTargetID = D269F10D2494ED6B00325C72;
					};
				};
			};
			buildConfigurationList = D269F1092494ED6B00325C72 /* Build configuration list for PBXProject "StringFolding" */;
			compatibilityVersion = "Xcode 9.3";
			developmentRegion = en;
			hasScannedForEncodings = 0;
			knownRegions = (
				en,
				Base,
			);
			mainGroup = D269F1052494ED6B00325C72;
			productRefGroup = D269F10F2494ED6B00325C72 /* Products */;
			projectDirPath = "";
			projectRoot = "";
			targets = (
				D269F10D2494ED6B00325C72 /* StringFolding */,
				D269F1232494ED6C00325C72 /* StringFoldingTests */,
			);
		};
/* End PBXProject section */

/* Begin PBXResourcesBuildPhase section */
		D269F10C2494ED6B00325C72 /* Resources */ = {
			isa = PBXResourcesBuildPhase;
			buildActionMask = 2147483647;
			files = (
				D269F11E2494ED6C00325C72 /* LaunchScreen.storyboard in Resources */,
				D269F11B2494ED6C00325C72 /* Preview Assets.xcassets in Resources */,
				D269F1182494ED6C00325C72 /* Assets.xcassets in Resources */,
			);
			runOnlyForDeploymentPostprocessing = 0;
		};
		D269F1222494ED6C00325C72 /* Resources */ = {
			isa = PBXResourcesBuildPhase;
			buildActionMask = 2147483647;
			files = (
				D2F01BF52497A3FC0016D2AF /* DiacriticLoremIpsum.txt in Resources */,
				D2B50AB7249510400016754A /* LoremIpsum.txt in Resources */,
			);
			runOnlyForDeploymentPostprocessing = 0;
		};
/* End PBXResourcesBuildPhase section */

/* Begin PBXSourcesBuildPhase section */
		D269F10A2494ED6B00325C72 /* Sources */ = {
			isa = PBXSourcesBuildPhase;
			buildActionMask = 2147483647;
			files = (
				D269F1122494ED6B00325C72 /* AppDelegate.swift in Sources */,
				D269F1142494ED6B00325C72 /* SceneDelegate.swift in Sources */,
				D269F1162494ED6B00325C72 /* ContentView.swift in Sources */,
			);
			runOnlyForDeploymentPostprocessing = 0;
		};
		D269F1202494ED6C00325C72 /* Sources */ = {
			isa = PBXSourcesBuildPhase;
			buildActionMask = 2147483647;
			files = (
				D269F1292494ED6C00325C72 /* StringFoldingTests.swift in Sources */,
			);
			runOnlyForDeploymentPostprocessing = 0;
		};
/* End PBXSourcesBuildPhase section */

/* Begin PBXTargetDependency section */
		D269F1262494ED6C00325C72 /* PBXTargetDependency */ = {
			isa = PBXTargetDependency;
			target = D269F10D2494ED6B00325C72 /* StringFolding */;
			targetProxy = D269F1252494ED6C00325C72 /* PBXContainerItemProxy */;
		};
/* End PBXTargetDependency section */

/* Begin PBXVariantGroup section */
		D269F11C2494ED6C00325C72 /* LaunchScreen.storyboard */ = {
			isa = PBXVariantGroup;
			children = (
				D269F11D2494ED6C00325C72 /* Base */,
			);
			name = LaunchScreen.storyboard;
			sourceTree = "<group>";
		};
/* End PBXVariantGroup section */

/* Begin XCBuildConfiguration section */
		D269F12B2494ED6C00325C72 /* Debug */ = {
			isa = XCBuildConfiguration;
			buildSettings = {
				ALWAYS_SEARCH_USER_PATHS = NO;
				CLANG_ANALYZER_NONNULL = YES;
				CLANG_ANALYZER_NUMBER_OBJECT_CONVERSION = YES_AGGRESSIVE;
				CLANG_CXX_LANGUAGE_STANDARD = "gnu++14";
				CLANG_CXX_LIBRARY = "libc++";
				CLANG_ENABLE_MODULES = YES;
				CLANG_ENABLE_OBJC_ARC = YES;
				CLANG_ENABLE_OBJC_WEAK = YES;
				CLANG_WARN_BLOCK_CAPTURE_AUTORELEASING = YES;
				CLANG_WARN_BOOL_CONVERSION = YES;
				CLANG_WARN_COMMA = YES;
				CLANG_WARN_CONSTANT_CONVERSION = YES;
				CLANG_WARN_DEPRECATED_OBJC_IMPLEMENTATIONS = YES;
				CLANG_WARN_DIRECT_OBJC_ISA_USAGE = YES_ERROR;
				CLANG_WARN_DOCUMENTATION_COMMENTS = YES;
				CLANG_WARN_EMPTY_BODY = YES;
				CLANG_WARN_ENUM_CONVERSION = YES;
				CLANG_WARN_INFINITE_RECURSION = YES;
				CLANG_WARN_INT_CONVERSION = YES;
				CLANG_WARN_NON_LITERAL_NULL_CONVERSION = YES;
				CLANG_WARN_OBJC_IMPLICIT_RETAIN_SELF = YES;
				CLANG_WARN_OBJC_LITERAL_CONVERSION = YES;
				CLANG_WARN_OBJC_ROOT_CLASS = YES_ERROR;
				CLANG_WARN_RANGE_LOOP_ANALYSIS = YES;
				CLANG_WARN_STRICT_PROTOTYPES = YES;
				CLANG_WARN_SUSPICIOUS_MOVE = YES;
				CLANG_WARN_UNGUARDED_AVAILABILITY = YES_AGGRESSIVE;
				CLANG_WARN_UNREACHABLE_CODE = YES;
				CLANG_WARN__DUPLICATE_METHOD_MATCH = YES;
				COPY_PHASE_STRIP = NO;
				DEBUG_INFORMATION_FORMAT = dwarf;
				ENABLE_STRICT_OBJC_MSGSEND = YES;
				ENABLE_TESTABILITY = YES;
				GCC_C_LANGUAGE_STANDARD = gnu11;
				GCC_DYNAMIC_NO_PIC = NO;
				GCC_NO_COMMON_BLOCKS = YES;
				GCC_OPTIMIZATION_LEVEL = 0;
				GCC_PREPROCESSOR_DEFINITIONS = (
					"DEBUG=1",
					"$(inherited)",
				);
				GCC_WARN_64_TO_32_BIT_CONVERSION = YES;
				GCC_WARN_ABOUT_RETURN_TYPE = YES_ERROR;
				GCC_WARN_UNDECLARED_SELECTOR = YES;
				GCC_WARN_UNINITIALIZED_AUTOS = YES_AGGRESSIVE;
				GCC_WARN_UNUSED_FUNCTION = YES;
				GCC_WARN_UNUSED_VARIABLE = YES;
				IPHONEOS_DEPLOYMENT_TARGET = 13.5;
				MTL_ENABLE_DEBUG_INFO = INCLUDE_SOURCE;
				MTL_FAST_MATH = YES;
				ONLY_ACTIVE_ARCH = YES;
				SDKROOT = iphoneos;
				SWIFT_ACTIVE_COMPILATION_CONDITIONS = DEBUG;
				SWIFT_OPTIMIZATION_LEVEL = "-Onone";
			};
			name = Debug;
		};
		D269F12C2494ED6C00325C72 /* Release */ = {
			isa = XCBuildConfiguration;
			buildSettings = {
				ALWAYS_SEARCH_USER_PATHS = NO;
				CLANG_ANALYZER_NONNULL = YES;
				CLANG_ANALYZER_NUMBER_OBJECT_CONVERSION = YES_AGGRESSIVE;
				CLANG_CXX_LANGUAGE_STANDARD = "gnu++14";
				CLANG_CXX_LIBRARY = "libc++";
				CLANG_ENABLE_MODULES = YES;
				CLANG_ENABLE_OBJC_ARC = YES;
				CLANG_ENABLE_OBJC_WEAK = YES;
				CLANG_WARN_BLOCK_CAPTURE_AUTORELEASING = YES;
				CLANG_WARN_BOOL_CONVERSION = YES;
				CLANG_WARN_COMMA = YES;
				CLANG_WARN_CONSTANT_CONVERSION = YES;
				CLANG_WARN_DEPRECATED_OBJC_IMPLEMENTATIONS = YES;
				CLANG_WARN_DIRECT_OBJC_ISA_USAGE = YES_ERROR;
				CLANG_WARN_DOCUMENTATION_COMMENTS = YES;
				CLANG_WARN_EMPTY_BODY = YES;
				CLANG_WARN_ENUM_CONVERSION = YES;
				CLANG_WARN_INFINITE_RECURSION = YES;
				CLANG_WARN_INT_CONVERSION = YES;
				CLANG_WARN_NON_LITERAL_NULL_CONVERSION = YES;
				CLANG_WARN_OBJC_IMPLICIT_RETAIN_SELF = YES;
				CLANG_WARN_OBJC_LITERAL_CONVERSION = YES;
				CLANG_WARN_OBJC_ROOT_CLASS = YES_ERROR;
				CLANG_WARN_RANGE_LOOP_ANALYSIS = YES;
				CLANG_WARN_STRICT_PROTOTYPES = YES;
				CLANG_WARN_SUSPICIOUS_MOVE = YES;
				CLANG_WARN_UNGUARDED_AVAILABILITY = YES_AGGRESSIVE;
				CLANG_WARN_UNREACHABLE_CODE = YES;
				CLANG_WARN__DUPLICATE_METHOD_MATCH = YES;
				COPY_PHASE_STRIP = NO;
				DEBUG_INFORMATION_FORMAT = "dwarf-with-dsym";
				ENABLE_NS_ASSERTIONS = NO;
				ENABLE_STRICT_OBJC_MSGSEND = YES;
				GCC_C_LANGUAGE_STANDARD = gnu11;
				GCC_NO_COMMON_BLOCKS = YES;
				GCC_WARN_64_TO_32_BIT_CONVERSION = YES;
				GCC_WARN_ABOUT_RETURN_TYPE = YES_ERROR;
				GCC_WARN_UNDECLARED_SELECTOR = YES;
				GCC_WARN_UNINITIALIZED_AUTOS = YES_AGGRESSIVE;
				GCC_WARN_UNUSED_FUNCTION = YES;
				GCC_WARN_UNUSED_VARIABLE = YES;
				IPHONEOS_DEPLOYMENT_TARGET = 13.5;
				MTL_ENABLE_DEBUG_INFO = NO;
				MTL_FAST_MATH = YES;
				SDKROOT = iphoneos;
				SWIFT_COMPILATION_MODE = wholemodule;
				SWIFT_OPTIMIZATION_LEVEL = "-O";
				VALIDATE_PRODUCT = YES;
			};
			name = Release;
		};
		D269F12E2494ED6C00325C72 /* Debug */ = {
			isa = XCBuildConfiguration;
			buildSettings = {
				ASSETCATALOG_COMPILER_APPICON_NAME = AppIcon;
				CODE_SIGN_STYLE = Automatic;
				DEVELOPMENT_ASSET_PATHS = "\"StringFolding/Preview Content\"";
				DEVELOPMENT_TEAM = CX893E63R7;
				ENABLE_PREVIEWS = YES;
				INFOPLIST_FILE = StringFolding/Info.plist;
				LD_RUNPATH_SEARCH_PATHS = (
					"$(inherited)",
					"@executable_path/Frameworks",
				);
				PRODUCT_BUNDLE_IDENTIFIER = com.scotteg.StringFolding;
				PRODUCT_NAME = "$(TARGET_NAME)";
				SWIFT_VERSION = 5.0;
				TARGETED_DEVICE_FAMILY = "1,2";
			};
			name = Debug;
		};
		D269F12F2494ED6C00325C72 /* Release */ = {
			isa = XCBuildConfiguration;
			buildSettings = {
				ASSETCATALOG_COMPILER_APPICON_NAME = AppIcon;
				CODE_SIGN_STYLE = Automatic;
				DEVELOPMENT_ASSET_PATHS = "\"StringFolding/Preview Content\"";
				DEVELOPMENT_TEAM = CX893E63R7;
				ENABLE_PREVIEWS = YES;
				INFOPLIST_FILE = StringFolding/Info.plist;
				LD_RUNPATH_SEARCH_PATHS = (
					"$(inherited)",
					"@executable_path/Frameworks",
				);
				PRODUCT_BUNDLE_IDENTIFIER = com.scotteg.StringFolding;
				PRODUCT_NAME = "$(TARGET_NAME)";
				SWIFT_VERSION = 5.0;
				TARGETED_DEVICE_FAMILY = "1,2";
			};
			name = Release;
		};
		D269F1312494ED6C00325C72 /* Debug */ = {
			isa = XCBuildConfiguration;
			buildSettings = {
				ALWAYS_EMBED_SWIFT_STANDARD_LIBRARIES = YES;
				BUNDLE_LOADER = "$(TEST_HOST)";
				CODE_SIGN_STYLE = Automatic;
				DEVELOPMENT_TEAM = CX893E63R7;
				INFOPLIST_FILE = StringFoldingTests/Info.plist;
				IPHONEOS_DEPLOYMENT_TARGET = 13.5;
				LD_RUNPATH_SEARCH_PATHS = (
					"$(inherited)",
					"@executable_path/Frameworks",
					"@loader_path/Frameworks",
				);
				PRODUCT_BUNDLE_IDENTIFIER = com.scotteg.StringFoldingTests;
				PRODUCT_NAME = "$(TARGET_NAME)";
				SWIFT_VERSION = 5.0;
				TARGETED_DEVICE_FAMILY = "1,2";
				TEST_HOST = "$(BUILT_PRODUCTS_DIR)/StringFolding.app/StringFolding";
			};
			name = Debug;
		};
		D269F1322494ED6C00325C72 /* Release */ = {
			isa = XCBuildConfiguration;
			buildSettings = {
				ALWAYS_EMBED_SWIFT_STANDARD_LIBRARIES = YES;
				BUNDLE_LOADER = "$(TEST_HOST)";
				CODE_SIGN_STYLE = Automatic;
				DEVELOPMENT_TEAM = CX893E63R7;
				INFOPLIST_FILE = StringFoldingTests/Info.plist;
				IPHONEOS_DEPLOYMENT_TARGET = 13.5;
				LD_RUNPATH_SEARCH_PATHS = (
					"$(inherited)",
					"@executable_path/Frameworks",
					"@loader_path/Frameworks",
				);
				PRODUCT_BUNDLE_IDENTIFIER = com.scotteg.StringFoldingTests;
				PRODUCT_NAME = "$(TARGET_NAME)";
				SWIFT_VERSION = 5.0;
				TARGETED_DEVICE_FAMILY = "1,2";
				TEST_HOST = "$(BUILT_PRODUCTS_DIR)/StringFolding.app/StringFolding";
			};
			name = Release;
		};
/* End XCBuildConfiguration section */

/* Begin XCConfigurationList section */
		D269F1092494ED6B00325C72 /* Build configuration list for PBXProject "StringFolding" */ = {
			isa = XCConfigurationList;
			buildConfigurations = (
				D269F12B2494ED6C00325C72 /* Debug */,
				D269F12C2494ED6C00325C72 /* Release */,
			);
			defaultConfigurationIsVisible = 0;
			defaultConfigurationName = Release;
		};
		D269F12D2494ED6C00325C72 /* Build configuration list for PBXNativeTarget "StringFolding" */ = {
			isa = XCConfigurationList;
			buildConfigurations = (
				D269F12E2494ED6C00325C72 /* Debug */,
				D269F12F2494ED6C00325C72 /* Release */,
			);
			defaultConfigurationIsVisible = 0;
			defaultConfigurationName = Release;
		};
		D269F1302494ED6C00325C72 /* Build configuration list for PBXNativeTarget "StringFoldingTests" */ = {
			isa = XCConfigurationList;
			buildConfigurations = (
				D269F1312494ED6C00325C72 /* Debug */,
				D269F1322494ED6C00325C72 /* Release */,
			);
			defaultConfigurationIsVisible = 0;
			defaultConfigurationName = Release;
		};
/* End XCConfigurationList section */
	};
	rootObject = D269F1062494ED6B00325C72 /* Project object */;
}
